
Microsoft Visual Studio Solution File, Format Version 12.00
# Visual Studio Version 16
VisualStudioVersion = 16.0.30804.86
MinimumVisualStudioVersion = 10.0.40219.1
Project("{FAE04EC0-301F-11D3-BF4B-00C04F79EFBC}") = "SE1421_FPTClock", "SE1421_FPTClock\SE1421_FPTClock.csproj", "{F366623C-50EF-4B4F-8EE9-A62B65BAA94A}"
EndProject
Project("{FAE04EC0-301F-11D3-BF4B-00C04F79EFBC}") = "Clock", "Clock\Clock.csproj", "{34BAD8E5-3140-40D2-89E0-FD623D446119}"
EndProject
Global
	GlobalSection(SolutionConfigurationPlatforms) = preSolution
		Debug|Any CPU = Debug|Any CPU
		Release|Any CPU = Release|Any CPU
	EndGlobalSection
	GlobalSection(ProjectConfigurationPlatforms) = postSolution
		{F366623C-50EF-4B4F-8EE9-A62B65BAA94A}.Debug|Any CPU.ActiveCfg = Debug|Any CPU
		{F366623C-50EF-4B4F-8EE9-A62B65BAA94A}.Debug|Any CPU.Build.0 = Debug|Any CPU
		{F366623C-50EF-4B4F-8EE9-A62B65BAA94A}.Release|Any CPU.ActiveCfg = Release|Any CPU
		{F366623C-50EF-4B4F-8EE9-A62B65BAA94A}.Release|Any CPU.Build.0 = Release|Any CPU
		{34BAD8E5-3140-40D2-89E0-FD623D446119}.Debug|Any CPU.ActiveCfg = Debug|Any CPU
		{34BAD8E5-3140-40D2-89E0-FD623D446119}.Debug|Any CPU.Build.0 = Debug|Any CPU
		{34BAD8E5-3140-40D2-89E0-FD623D446119}.Release|Any CPU.ActiveCfg = Release|Any CPU
		{34BAD8E5-3140-40D2-89E0-FD623D446119}.Release|Any CPU.Build.0 = Release|Any CPU
	EndGlobalSection
	GlobalSection(SolutionProperties) = preSolution
		HideSolutionNode = FALSE
	EndGlobalSection
	GlobalSection(ExtensibilityGlobals) = postSolution
		SolutionGuid = {67C6D40B-34CD-4272-9596-E37CC402BA8F}
	EndGlobalSection
EndGlobal
