
Microsoft Visual Studio Solution File, Format Version 12.00
# Visual Studio Version 16
VisualStudioVersion = 16.0.30804.86
MinimumVisualStudioVersion = 10.0.40219.1
Project("{FAE04EC0-301F-11D3-BF4B-00C04F79EFBC}") = "SE1421_Book", "SE1421_Book\SE1421_Book.csproj", "{8BDBA565-963F-4202-B580-0F436A80A1FD}"
EndProject
Project("{FAE04EC0-301F-11D3-BF4B-00C04F79EFBC}") = "Entity", "Entity\Entity.csproj", "{6613A156-FE47-4084-A6A0-17998FB679C1}"
EndProject
Project("{FAE04EC0-301F-11D3-BF4B-00C04F79EFBC}") = "DAL", "DAL\DAL.csproj", "{A64C18A3-AD44-44DC-892D-AE3195157E0F}"
EndProject
Global
	GlobalSection(SolutionConfigurationPlatforms) = preSolution
		Debug|Any CPU = Debug|Any CPU
		Release|Any CPU = Release|Any CPU
	EndGlobalSection
	GlobalSection(ProjectConfigurationPlatforms) = postSolution
		{8BDBA565-963F-4202-B580-0F436A80A1FD}.Debug|Any CPU.ActiveCfg = Debug|Any CPU
		{8BDBA565-963F-4202-B580-0F436A80A1FD}.Debug|Any CPU.Build.0 = Debug|Any CPU
		{8BDBA565-963F-4202-B580-0F436A80A1FD}.Release|Any CPU.ActiveCfg = Release|Any CPU
		{8BDBA565-963F-4202-B580-0F436A80A1FD}.Release|Any CPU.Build.0 = Release|Any CPU
		{6613A156-FE47-4084-A6A0-17998FB679C1}.Debug|Any CPU.ActiveCfg = Debug|Any CPU
		{6613A156-FE47-4084-A6A0-17998FB679C1}.Debug|Any CPU.Build.0 = Debug|Any CPU
		{6613A156-FE47-4084-A6A0-17998FB679C1}.Release|Any CPU.ActiveCfg = Release|Any CPU
		{6613A156-FE47-4084-A6A0-17998FB679C1}.Release|Any CPU.Build.0 = Release|Any CPU
		{A64C18A3-AD44-44DC-892D-AE3195157E0F}.Debug|Any CPU.ActiveCfg = Debug|Any CPU
		{A64C18A3-AD44-44DC-892D-AE3195157E0F}.Debug|Any CPU.Build.0 = Debug|Any CPU
		{A64C18A3-AD44-44DC-892D-AE3195157E0F}.Release|Any CPU.ActiveCfg = Release|Any CPU
		{A64C18A3-AD44-44DC-892D-AE3195157E0F}.Release|Any CPU.Build.0 = Release|Any CPU
	EndGlobalSection
	GlobalSection(SolutionProperties) = preSolution
		HideSolutionNode = FALSE
	EndGlobalSection
	GlobalSection(ExtensibilityGlobals) = postSolution
		SolutionGuid = {1501A9C7-DB88-451A-9EE0-C1BB6EB57E3A}
	EndGlobalSection
EndGlobal
