
Microsoft Visual Studio Solution File, Format Version 12.00
# Visual Studio Version 16
VisualStudioVersion = 16.0.30804.86
MinimumVisualStudioVersion = 10.0.40219.1
Project("{FAE04EC0-301F-11D3-BF4B-00C04F79EFBC}") = "SE1421_QuanLyKho", "SE1421_QuanLyKho\SE1421_QuanLyKho.csproj", "{FAD42262-0DC4-4113-9A4E-1A0DA63A061D}"
EndProject
Project("{FAE04EC0-301F-11D3-BF4B-00C04F79EFBC}") = "DAL", "DAL\DAL.csproj", "{1A34BF2C-56B7-44F2-BC21-D3699A22D73F}"
EndProject
Project("{FAE04EC0-301F-11D3-BF4B-00C04F79EFBC}") = "Entity", "Entity\Entity.csproj", "{A5DFF6F7-D510-4618-9A13-8B5649C41A49}"
EndProject
Global
	GlobalSection(SolutionConfigurationPlatforms) = preSolution
		Debug|Any CPU = Debug|Any CPU
		Release|Any CPU = Release|Any CPU
	EndGlobalSection
	GlobalSection(ProjectConfigurationPlatforms) = postSolution
		{FAD42262-0DC4-4113-9A4E-1A0DA63A061D}.Debug|Any CPU.ActiveCfg = Debug|Any CPU
		{FAD42262-0DC4-4113-9A4E-1A0DA63A061D}.Debug|Any CPU.Build.0 = Debug|Any CPU
		{FAD42262-0DC4-4113-9A4E-1A0DA63A061D}.Release|Any CPU.ActiveCfg = Release|Any CPU
		{FAD42262-0DC4-4113-9A4E-1A0DA63A061D}.Release|Any CPU.Build.0 = Release|Any CPU
		{1A34BF2C-56B7-44F2-BC21-D3699A22D73F}.Debug|Any CPU.ActiveCfg = Debug|Any CPU
		{1A34BF2C-56B7-44F2-BC21-D3699A22D73F}.Debug|Any CPU.Build.0 = Debug|Any CPU
		{1A34BF2C-56B7-44F2-BC21-D3699A22D73F}.Release|Any CPU.ActiveCfg = Release|Any CPU
		{1A34BF2C-56B7-44F2-BC21-D3699A22D73F}.Release|Any CPU.Build.0 = Release|Any CPU
		{A5DFF6F7-D510-4618-9A13-8B5649C41A49}.Debug|Any CPU.ActiveCfg = Debug|Any CPU
		{A5DFF6F7-D510-4618-9A13-8B5649C41A49}.Debug|Any CPU.Build.0 = Debug|Any CPU
		{A5DFF6F7-D510-4618-9A13-8B5649C41A49}.Release|Any CPU.ActiveCfg = Release|Any CPU
		{A5DFF6F7-D510-4618-9A13-8B5649C41A49}.Release|Any CPU.Build.0 = Release|Any CPU
	EndGlobalSection
	GlobalSection(SolutionProperties) = preSolution
		HideSolutionNode = FALSE
	EndGlobalSection
	GlobalSection(ExtensibilityGlobals) = postSolution
		SolutionGuid = {58E2969E-C804-4771-BD15-87CCFE8F99CD}
	EndGlobalSection
EndGlobal
